
Microsoft Visual Studio Solution File, Format Version 12.00
# Visual Studio 15
VisualStudioVersion = 15.0.28010.2026
MinimumVisualStudioVersion = 10.0.40219.1
Project("{FAE04EC0-301F-11D3-BF4B-00C04F79EFBC}") = "Tudau", "Tudau\Tudau.csproj", "{05E118EF-1F13-441A-8B39-09FFAE8F1FBF}"
EndProject
Global
	GlobalSection(SolutionConfigurationPlatforms) = preSolution
		Debug|Any CPU = Debug|Any CPU
		Release|Any CPU = Release|Any CPU
	EndGlobalSection
	GlobalSection(ProjectConfigurationPlatforms) = postSolution
		{05E118EF-1F13-441A-8B39-09FFAE8F1FBF}.Debug|Any CPU.ActiveCfg = Debug|Any CPU
		{05E118EF-1F13-441A-8B39-09FFAE8F1FBF}.Debug|Any CPU.Build.0 = Debug|Any CPU
		{05E118EF-1F13-441A-8B39-09FFAE8F1FBF}.Release|Any CPU.ActiveCfg = Release|Any CPU
		{05E118EF-1F13-441A-8B39-09FFAE8F1FBF}.Release|Any CPU.Build.0 = Release|Any CPU
	EndGlobalSection
	GlobalSection(SolutionProperties) = preSolution
		HideSolutionNode = FALSE
	EndGlobalSection
	GlobalSection(ExtensibilityGlobals) = postSolution
		SolutionGuid = {454B33AF-7326-4AED-9CB5-F5620DAC7D5C}
	EndGlobalSection
EndGlobal
